
Microsoft Visual Studio Solution File, Format Version 12.00
# Visual Studio Version 16
VisualStudioVersion = 16.0.30011.22
MinimumVisualStudioVersion = 10.0.40219.1
Project("{9A19103F-16F7-4668-BE54-9A1E7A4F7556}") = "JustCShardConsole1", "JustCShardConsole1\JustCShardConsole1.csproj", "{AC3B5DF0-8B81-4DC7-B9B9-A4F24BC7A03F}"
EndProject
Project("{2150E333-8FDC-42A3-9474-1A3956D46DE8}") = "SoftUniCShard", "SoftUniCShard", "{EEE1F2D2-AFC6-4A21-A13A-0A84F9C5BF53}"
EndProject
Project("{2150E333-8FDC-42A3-9474-1A3956D46DE8}") = "LectionOne", "LectionOne", "{455A47BD-B99A-4B96-9240-28AF2D6A77E2}"
EndProject
Project("{9A19103F-16F7-4668-BE54-9A1E7A4F7556}") = "HelloSoftUni", "HelloSoftUni\HelloSoftUni.csproj", "{F7DE1093-D385-4922-87D4-AFDC4DF2B392}"
EndProject
Project("{9A19103F-16F7-4668-BE54-9A1E7A4F7556}") = "NumberFromOneToTen", "NumberFromOneToTen\NumberFromOneToTen.csproj", "{A4EEADC3-E2A4-40F7-B4F5-59D2D56D4C82}"
EndProject
Project("{9A19103F-16F7-4668-BE54-9A1E7A4F7556}") = "SquareArea3", "SquareArea3\SquareArea3.csproj", "{6675831A-3959-4DE8-A020-82F207AB8E7D}"
EndProject
Project("{9A19103F-16F7-4668-BE54-9A1E7A4F7556}") = "4FromInchesToCentimeters", "4FromInchesToCentimeters\4FromInchesToCentimeters.csproj", "{8F261294-9FC2-41A1-9F98-DA6A4CA5CDBA}"
EndProject
Project("{9A19103F-16F7-4668-BE54-9A1E7A4F7556}") = "greetingByName", "greetingByName\greetingByName.csproj", "{E8A1924B-B857-4E82-830E-9810A5093EB0}"
EndProject
Project("{9A19103F-16F7-4668-BE54-9A1E7A4F7556}") = "06. Concatenate Data", "06. Concatenate Data\06. Concatenate Data.csproj", "{2259F2C2-55AA-49F0-9943-10868D6D14F5}"
EndProject
Project("{9A19103F-16F7-4668-BE54-9A1E7A4F7556}") = "07. Projects Creation", "07. Projects Creation\07. Projects Creation.csproj", "{DF924C5E-DB65-4AA5-BE95-4C305F22942C}"
EndProject
Project("{9A19103F-16F7-4668-BE54-9A1E7A4F7556}") = "08. Pet Shop", "08. Pet Shop\08. Pet Shop.csproj", "{15098C1E-F07A-4BFD-B1BA-1D68C3DE8C21}"
EndProject
Project("{9A19103F-16F7-4668-BE54-9A1E7A4F7556}") = "09. Yard Greening", "09. Yard Greening\09. Yard Greening.csproj", "{B60DFEE4-12EE-43B9-B768-2E84804640CC}"
EndProject
Project("{2150E333-8FDC-42A3-9474-1A3956D46DE8}") = "LectionTwo", "LectionTwo", "{945E5BD9-406C-4867-9A39-A491E389B2DC}"
EndProject
Project("{9A19103F-16F7-4668-BE54-9A1E7A4F7556}") = "03. Deposit Calculator", "03. Deposit Calculator\03. Deposit Calculator.csproj", "{708CFA49-B518-4E43-A559-4407BB2690C9}"
EndProject
Project("{FAE04EC0-301F-11D3-BF4B-00C04F79EFBC}") = "01USDtoBGN", "01USDtoBGN\01USDtoBGN.csproj", "{355B8F2C-B7FC-4A44-B3A9-279398BB5B82}"
EndProject
Project("{FAE04EC0-301F-11D3-BF4B-00C04F79EFBC}") = "02RadiantToDegree", "02RadiantToDegree\02RadiantToDegree.csproj", "{9B166A3B-24C1-467C-B767-97F39B96DC64}"
EndProject
Project("{FAE04EC0-301F-11D3-BF4B-00C04F79EFBC}") = "04VacationBooksList", "04VacationBooksList\04VacationBooksList.csproj", "{C7110D45-6AD9-40EA-B82B-FCE572709D5D}"
EndProject
Project("{FAE04EC0-301F-11D3-BF4B-00C04F79EFBC}") = "05BirthdayParty", "05BirthdayParty\05BirthdayParty.csproj", "{DAADD5D1-0DD3-48C7-B0B3-BC8D03A6283C}"
EndProject
Project("{FAE04EC0-301F-11D3-BF4B-00C04F79EFBC}") = "06CharityCampaign", "06CharityCampaign\06CharityCampaign.csproj", "{85CBB667-1043-470D-B975-D1BA9E85B2B6}"
EndProject
Project("{FAE04EC0-301F-11D3-BF4B-00C04F79EFBC}") = "07FruitMarket", "07FruitMarket\07FruitMarket.csproj", "{1DAB1F62-5607-4B2A-8AF1-432BC811FDEA}"
EndProject
Project("{FAE04EC0-301F-11D3-BF4B-00C04F79EFBC}") = "08FishTank", "08FishTank\08FishTank.csproj", "{B741576E-6585-4169-886B-94A094F7B793}"
EndProject
Project("{2150E333-8FDC-42A3-9474-1A3956D46DE8}") = "Conditional Statements", "Conditional Statements", "{E58688D9-798A-457A-91E1-947957EBA8DC}"
EndProject
Project("{FAE04EC0-301F-11D3-BF4B-00C04F79EFBC}") = "01. Excellent Result", "01. Excellent Result\01. Excellent Result.csproj", "{B96D003D-9C73-4649-BEDD-B1CCDB23D861}"
EndProject
Project("{FAE04EC0-301F-11D3-BF4B-00C04F79EFBC}") = "ProjectCalculator", "ProjectCalculator\ProjectCalculator.csproj", "{F3F0C00C-DA8D-47D7-8EE3-06EE2A000C71}"
EndProject
Project("{FAE04EC0-301F-11D3-BF4B-00C04F79EFBC}") = "02. Greater Number", "02. Greater Number\02. Greater Number.csproj", "{99966B6F-FC40-4FCB-9A78-52E245A0E405}"
EndProject
Project("{FAE04EC0-301F-11D3-BF4B-00C04F79EFBC}") = "03. Even or Odd", "03. Even or Odd\03. Even or Odd.csproj", "{25C6CAA7-1AD2-46C7-A26B-FA160864E2F9}"
EndProject
Project("{FAE04EC0-301F-11D3-BF4B-00C04F79EFBC}") = "04. Number 100to200", "04. Number 100to200\04. Number 100to200.csproj", "{4F6F048F-D2C9-4C4B-AD35-9991DF739B5E}"
EndProject
Project("{FAE04EC0-301F-11D3-BF4B-00C04F79EFBC}") = "05. Password Guess", "05. Password Guess\05. Password Guess.csproj", "{97A15FE0-E1DB-46F0-AF73-C8A43A0AF8A9}"
EndProject
Project("{FAE04EC0-301F-11D3-BF4B-00C04F79EFBC}") = "06. Area of Figures", "06. Area of Figures\06. Area of Figures.csproj", "{64001927-DCE2-4A3B-84AA-F1D7D91A2B59}"
EndProject
Project("{FAE04EC0-301F-11D3-BF4B-00C04F79EFBC}") = "07. Toy Shop", "07. Toy Shop\07. Toy Shop.csproj", "{4835BA9B-495D-4F42-9596-08AF5E0E1956}"
EndProject
Project("{FAE04EC0-301F-11D3-BF4B-00C04F79EFBC}") = "01. Sum Seconds", "01. Sum Seconds\01. Sum Seconds.csproj", "{1A8B75D1-5180-443A-A3F9-090B3E11C896}"
EndProject
Project("{FAE04EC0-301F-11D3-BF4B-00C04F79EFBC}") = "02. Bonus Score", "02. Bonus Score\02. Bonus Score.csproj", "{CE7ACC4E-834B-4E4B-AC44-E5051EA6EAE2}"
EndProject
Project("{FAE04EC0-301F-11D3-BF4B-00C04F79EFBC}") = "03. Speed Info", "03. Speed Info\03. Speed Info.csproj", "{74DAAE04-0EC2-4C1A-870E-97F470C32F99}"
EndProject
Project("{FAE04EC0-301F-11D3-BF4B-00C04F79EFBC}") = "04. Metric Converter", "04. Metric Converter\04. Metric Converter.csproj", "{86E35775-7A51-4982-AA1E-0AC6052665D3}"
EndProject
Project("{FAE04EC0-301F-11D3-BF4B-00C04F79EFBC}") = "05. Time + 15 Minutes", "05. Time + 15 Minutes\05. Time + 15 Minutes.csproj", "{37BA7499-878E-44CB-8733-51DB3B4158E1}"
EndProject
Project("{FAE04EC0-301F-11D3-BF4B-00C04F79EFBC}") = "06. Godzilla vs. Kong", "06. Godzilla vs. Kong\06. Godzilla vs. Kong.csproj", "{AFAA0E70-6FC6-47C4-BA03-19EAA0AA2BDB}"
EndProject
Project("{FAE04EC0-301F-11D3-BF4B-00C04F79EFBC}") = "07.World Swimming Record", "07.World Swimming Record\07.World Swimming Record.csproj", "{C0B2C109-0A28-4C8A-9E24-7B14A6820E37}"
EndProject
Project("{FAE04EC0-301F-11D3-BF4B-00C04F79EFBC}") = "08. Scholarshi", "08. Scholarshi\08. Scholarshi.csproj", "{C2F97698-27CA-4F66-9CAB-DA0FF7B9586F}"
EndProject
Project("{2150E333-8FDC-42A3-9474-1A3956D46DE8}") = "Conditional Statements Advanced", "Conditional Statements Advanced", "{868B9CC6-325A-4D29-B181-BC213D23F22E}"
EndProject
Project("{FAE04EC0-301F-11D3-BF4B-00C04F79EFBC}") = "01. Day of Week", "01. Day of Week\01. Day of Week.csproj", "{61ED345F-E9EE-4375-9799-6A25C852E811}"
EndProject
Project("{FAE04EC0-301F-11D3-BF4B-00C04F79EFBC}") = "03. Animal Type", "02.Weekend or Working Day\03. Animal Type.csproj", "{FC314460-0F5E-43AD-BF2C-1950C3A8523B}"
EndProject
Project("{FAE04EC0-301F-11D3-BF4B-00C04F79EFBC}") = "04. Personal Titles", "04. Personal Titles\04. Personal Titles.csproj", "{CA2159CE-4BB1-4D5E-BA1E-0781955E6DA8}"
EndProject
Project("{FAE04EC0-301F-11D3-BF4B-00C04F79EFBC}") = "05. Small Shop", "05. Small Shop\05. Small Shop.csproj", "{88E1EC6B-5469-47B1-A6CE-EC1401B04969}"
EndProject
Project("{FAE04EC0-301F-11D3-BF4B-00C04F79EFBC}") = "06. Number in Range", "06. Number in Range\06. Number in Range.csproj", "{65E2BC00-3A4E-4840-8A88-AD5905BD3BB0}"
EndProject
Project("{FAE04EC0-301F-11D3-BF4B-00C04F79EFBC}") = "09. Fruit or Vegetable", "09. Fruit or Vegetable\09. Fruit or Vegetable.csproj", "{67C3F8BB-6E70-4786-B384-ADDE15A9B627}"
EndProject
Project("{FAE04EC0-301F-11D3-BF4B-00C04F79EFBC}") = "10. Invalid Number", "10. Invalid Number\10. Invalid Number.csproj", "{9A9C95A9-70B4-47FE-B2DB-A4E5EFC13E56}"
EndProject
Project("{FAE04EC0-301F-11D3-BF4B-00C04F79EFBC}") = "11. Fruit Shop", "11. Fruit Shop\11. Fruit Shop.csproj", "{43831A56-B2F3-4D07-A29A-EB6B616C82F5}"
EndProject
Project("{FAE04EC0-301F-11D3-BF4B-00C04F79EFBC}") = "12. Trade Commissions", "12. Trade Commissions\12. Trade Commissions.csproj", "{74840B66-14CD-474B-8C45-B380B37EBC39}"
EndProject
Project("{FAE04EC0-301F-11D3-BF4B-00C04F79EFBC}") = "13. Ski Trip Exam", "13. Ski Trip Exam\13. Ski Trip Exam.csproj", "{C116D9F3-157D-43A3-96FE-5AB5F503DBE1}"
EndProject
Global
	GlobalSection(SolutionConfigurationPlatforms) = preSolution
		Debug|Any CPU = Debug|Any CPU
		Release|Any CPU = Release|Any CPU
	EndGlobalSection
	GlobalSection(ProjectConfigurationPlatforms) = postSolution
		{AC3B5DF0-8B81-4DC7-B9B9-A4F24BC7A03F}.Debug|Any CPU.ActiveCfg = Debug|Any CPU
		{AC3B5DF0-8B81-4DC7-B9B9-A4F24BC7A03F}.Debug|Any CPU.Build.0 = Debug|Any CPU
		{AC3B5DF0-8B81-4DC7-B9B9-A4F24BC7A03F}.Release|Any CPU.ActiveCfg = Release|Any CPU
		{AC3B5DF0-8B81-4DC7-B9B9-A4F24BC7A03F}.Release|Any CPU.Build.0 = Release|Any CPU
		{F7DE1093-D385-4922-87D4-AFDC4DF2B392}.Debug|Any CPU.ActiveCfg = Debug|Any CPU
		{F7DE1093-D385-4922-87D4-AFDC4DF2B392}.Debug|Any CPU.Build.0 = Debug|Any CPU
		{F7DE1093-D385-4922-87D4-AFDC4DF2B392}.Release|Any CPU.ActiveCfg = Release|Any CPU
		{F7DE1093-D385-4922-87D4-AFDC4DF2B392}.Release|Any CPU.Build.0 = Release|Any CPU
		{A4EEADC3-E2A4-40F7-B4F5-59D2D56D4C82}.Debug|Any CPU.ActiveCfg = Debug|Any CPU
		{A4EEADC3-E2A4-40F7-B4F5-59D2D56D4C82}.Debug|Any CPU.Build.0 = Debug|Any CPU
		{A4EEADC3-E2A4-40F7-B4F5-59D2D56D4C82}.Release|Any CPU.ActiveCfg = Release|Any CPU
		{A4EEADC3-E2A4-40F7-B4F5-59D2D56D4C82}.Release|Any CPU.Build.0 = Release|Any CPU
		{6675831A-3959-4DE8-A020-82F207AB8E7D}.Debug|Any CPU.ActiveCfg = Debug|Any CPU
		{6675831A-3959-4DE8-A020-82F207AB8E7D}.Debug|Any CPU.Build.0 = Debug|Any CPU
		{6675831A-3959-4DE8-A020-82F207AB8E7D}.Release|Any CPU.ActiveCfg = Release|Any CPU
		{6675831A-3959-4DE8-A020-82F207AB8E7D}.Release|Any CPU.Build.0 = Release|Any CPU
		{8F261294-9FC2-41A1-9F98-DA6A4CA5CDBA}.Debug|Any CPU.ActiveCfg = Debug|Any CPU
		{8F261294-9FC2-41A1-9F98-DA6A4CA5CDBA}.Debug|Any CPU.Build.0 = Debug|Any CPU
		{8F261294-9FC2-41A1-9F98-DA6A4CA5CDBA}.Release|Any CPU.ActiveCfg = Release|Any CPU
		{8F261294-9FC2-41A1-9F98-DA6A4CA5CDBA}.Release|Any CPU.Build.0 = Release|Any CPU
		{E8A1924B-B857-4E82-830E-9810A5093EB0}.Debug|Any CPU.ActiveCfg = Debug|Any CPU
		{E8A1924B-B857-4E82-830E-9810A5093EB0}.Debug|Any CPU.Build.0 = Debug|Any CPU
		{E8A1924B-B857-4E82-830E-9810A5093EB0}.Release|Any CPU.ActiveCfg = Release|Any CPU
		{E8A1924B-B857-4E82-830E-9810A5093EB0}.Release|Any CPU.Build.0 = Release|Any CPU
		{2259F2C2-55AA-49F0-9943-10868D6D14F5}.Debug|Any CPU.ActiveCfg = Debug|Any CPU
		{2259F2C2-55AA-49F0-9943-10868D6D14F5}.Debug|Any CPU.Build.0 = Debug|Any CPU
		{2259F2C2-55AA-49F0-9943-10868D6D14F5}.Release|Any CPU.ActiveCfg = Release|Any CPU
		{2259F2C2-55AA-49F0-9943-10868D6D14F5}.Release|Any CPU.Build.0 = Release|Any CPU
		{DF924C5E-DB65-4AA5-BE95-4C305F22942C}.Debug|Any CPU.ActiveCfg = Debug|Any CPU
		{DF924C5E-DB65-4AA5-BE95-4C305F22942C}.Debug|Any CPU.Build.0 = Debug|Any CPU
		{DF924C5E-DB65-4AA5-BE95-4C305F22942C}.Release|Any CPU.ActiveCfg = Release|Any CPU
		{DF924C5E-DB65-4AA5-BE95-4C305F22942C}.Release|Any CPU.Build.0 = Release|Any CPU
		{15098C1E-F07A-4BFD-B1BA-1D68C3DE8C21}.Debug|Any CPU.ActiveCfg = Debug|Any CPU
		{15098C1E-F07A-4BFD-B1BA-1D68C3DE8C21}.Debug|Any CPU.Build.0 = Debug|Any CPU
		{15098C1E-F07A-4BFD-B1BA-1D68C3DE8C21}.Release|Any CPU.ActiveCfg = Release|Any CPU
		{15098C1E-F07A-4BFD-B1BA-1D68C3DE8C21}.Release|Any CPU.Build.0 = Release|Any CPU
		{B60DFEE4-12EE-43B9-B768-2E84804640CC}.Debug|Any CPU.ActiveCfg = Debug|Any CPU
		{B60DFEE4-12EE-43B9-B768-2E84804640CC}.Debug|Any CPU.Build.0 = Debug|Any CPU
		{B60DFEE4-12EE-43B9-B768-2E84804640CC}.Release|Any CPU.ActiveCfg = Release|Any CPU
		{B60DFEE4-12EE-43B9-B768-2E84804640CC}.Release|Any CPU.Build.0 = Release|Any CPU
		{708CFA49-B518-4E43-A559-4407BB2690C9}.Debug|Any CPU.ActiveCfg = Debug|Any CPU
		{708CFA49-B518-4E43-A559-4407BB2690C9}.Debug|Any CPU.Build.0 = Debug|Any CPU
		{708CFA49-B518-4E43-A559-4407BB2690C9}.Release|Any CPU.ActiveCfg = Release|Any CPU
		{708CFA49-B518-4E43-A559-4407BB2690C9}.Release|Any CPU.Build.0 = Release|Any CPU
		{355B8F2C-B7FC-4A44-B3A9-279398BB5B82}.Debug|Any CPU.ActiveCfg = Debug|Any CPU
		{355B8F2C-B7FC-4A44-B3A9-279398BB5B82}.Debug|Any CPU.Build.0 = Debug|Any CPU
		{355B8F2C-B7FC-4A44-B3A9-279398BB5B82}.Release|Any CPU.ActiveCfg = Release|Any CPU
		{355B8F2C-B7FC-4A44-B3A9-279398BB5B82}.Release|Any CPU.Build.0 = Release|Any CPU
		{9B166A3B-24C1-467C-B767-97F39B96DC64}.Debug|Any CPU.ActiveCfg = Debug|Any CPU
		{9B166A3B-24C1-467C-B767-97F39B96DC64}.Debug|Any CPU.Build.0 = Debug|Any CPU
		{9B166A3B-24C1-467C-B767-97F39B96DC64}.Release|Any CPU.ActiveCfg = Release|Any CPU
		{9B166A3B-24C1-467C-B767-97F39B96DC64}.Release|Any CPU.Build.0 = Release|Any CPU
		{C7110D45-6AD9-40EA-B82B-FCE572709D5D}.Debug|Any CPU.ActiveCfg = Debug|Any CPU
		{C7110D45-6AD9-40EA-B82B-FCE572709D5D}.Debug|Any CPU.Build.0 = Debug|Any CPU
		{C7110D45-6AD9-40EA-B82B-FCE572709D5D}.Release|Any CPU.ActiveCfg = Release|Any CPU
		{C7110D45-6AD9-40EA-B82B-FCE572709D5D}.Release|Any CPU.Build.0 = Release|Any CPU
		{DAADD5D1-0DD3-48C7-B0B3-BC8D03A6283C}.Debug|Any CPU.ActiveCfg = Debug|Any CPU
		{DAADD5D1-0DD3-48C7-B0B3-BC8D03A6283C}.Debug|Any CPU.Build.0 = Debug|Any CPU
		{DAADD5D1-0DD3-48C7-B0B3-BC8D03A6283C}.Release|Any CPU.ActiveCfg = Release|Any CPU
		{DAADD5D1-0DD3-48C7-B0B3-BC8D03A6283C}.Release|Any CPU.Build.0 = Release|Any CPU
		{85CBB667-1043-470D-B975-D1BA9E85B2B6}.Debug|Any CPU.ActiveCfg = Debug|Any CPU
		{85CBB667-1043-470D-B975-D1BA9E85B2B6}.Debug|Any CPU.Build.0 = Debug|Any CPU
		{85CBB667-1043-470D-B975-D1BA9E85B2B6}.Release|Any CPU.ActiveCfg = Release|Any CPU
		{85CBB667-1043-470D-B975-D1BA9E85B2B6}.Release|Any CPU.Build.0 = Release|Any CPU
		{1DAB1F62-5607-4B2A-8AF1-432BC811FDEA}.Debug|Any CPU.ActiveCfg = Debug|Any CPU
		{1DAB1F62-5607-4B2A-8AF1-432BC811FDEA}.Debug|Any CPU.Build.0 = Debug|Any CPU
		{1DAB1F62-5607-4B2A-8AF1-432BC811FDEA}.Release|Any CPU.ActiveCfg = Release|Any CPU
		{1DAB1F62-5607-4B2A-8AF1-432BC811FDEA}.Release|Any CPU.Build.0 = Release|Any CPU
		{B741576E-6585-4169-886B-94A094F7B793}.Debug|Any CPU.ActiveCfg = Debug|Any CPU
		{B741576E-6585-4169-886B-94A094F7B793}.Debug|Any CPU.Build.0 = Debug|Any CPU
		{B741576E-6585-4169-886B-94A094F7B793}.Release|Any CPU.ActiveCfg = Release|Any CPU
		{B741576E-6585-4169-886B-94A094F7B793}.Release|Any CPU.Build.0 = Release|Any CPU
		{B96D003D-9C73-4649-BEDD-B1CCDB23D861}.Debug|Any CPU.ActiveCfg = Debug|Any CPU
		{B96D003D-9C73-4649-BEDD-B1CCDB23D861}.Debug|Any CPU.Build.0 = Debug|Any CPU
		{B96D003D-9C73-4649-BEDD-B1CCDB23D861}.Release|Any CPU.ActiveCfg = Release|Any CPU
		{B96D003D-9C73-4649-BEDD-B1CCDB23D861}.Release|Any CPU.Build.0 = Release|Any CPU
		{F3F0C00C-DA8D-47D7-8EE3-06EE2A000C71}.Debug|Any CPU.ActiveCfg = Debug|Any CPU
		{F3F0C00C-DA8D-47D7-8EE3-06EE2A000C71}.Debug|Any CPU.Build.0 = Debug|Any CPU
		{F3F0C00C-DA8D-47D7-8EE3-06EE2A000C71}.Release|Any CPU.ActiveCfg = Release|Any CPU
		{F3F0C00C-DA8D-47D7-8EE3-06EE2A000C71}.Release|Any CPU.Build.0 = Release|Any CPU
		{99966B6F-FC40-4FCB-9A78-52E245A0E405}.Debug|Any CPU.ActiveCfg = Debug|Any CPU
		{99966B6F-FC40-4FCB-9A78-52E245A0E405}.Debug|Any CPU.Build.0 = Debug|Any CPU
		{99966B6F-FC40-4FCB-9A78-52E245A0E405}.Release|Any CPU.ActiveCfg = Release|Any CPU
		{99966B6F-FC40-4FCB-9A78-52E245A0E405}.Release|Any CPU.Build.0 = Release|Any CPU
		{25C6CAA7-1AD2-46C7-A26B-FA160864E2F9}.Debug|Any CPU.ActiveCfg = Debug|Any CPU
		{25C6CAA7-1AD2-46C7-A26B-FA160864E2F9}.Debug|Any CPU.Build.0 = Debug|Any CPU
		{25C6CAA7-1AD2-46C7-A26B-FA160864E2F9}.Release|Any CPU.ActiveCfg = Release|Any CPU
		{25C6CAA7-1AD2-46C7-A26B-FA160864E2F9}.Release|Any CPU.Build.0 = Release|Any CPU
		{4F6F048F-D2C9-4C4B-AD35-9991DF739B5E}.Debug|Any CPU.ActiveCfg = Debug|Any CPU
		{4F6F048F-D2C9-4C4B-AD35-9991DF739B5E}.Debug|Any CPU.Build.0 = Debug|Any CPU
		{4F6F048F-D2C9-4C4B-AD35-9991DF739B5E}.Release|Any CPU.ActiveCfg = Release|Any CPU
		{4F6F048F-D2C9-4C4B-AD35-9991DF739B5E}.Release|Any CPU.Build.0 = Release|Any CPU
		{97A15FE0-E1DB-46F0-AF73-C8A43A0AF8A9}.Debug|Any CPU.ActiveCfg = Debug|Any CPU
		{97A15FE0-E1DB-46F0-AF73-C8A43A0AF8A9}.Debug|Any CPU.Build.0 = Debug|Any CPU
		{97A15FE0-E1DB-46F0-AF73-C8A43A0AF8A9}.Release|Any CPU.ActiveCfg = Release|Any CPU
		{97A15FE0-E1DB-46F0-AF73-C8A43A0AF8A9}.Release|Any CPU.Build.0 = Release|Any CPU
		{64001927-DCE2-4A3B-84AA-F1D7D91A2B59}.Debug|Any CPU.ActiveCfg = Debug|Any CPU
		{64001927-DCE2-4A3B-84AA-F1D7D91A2B59}.Debug|Any CPU.Build.0 = Debug|Any CPU
		{64001927-DCE2-4A3B-84AA-F1D7D91A2B59}.Release|Any CPU.ActiveCfg = Release|Any CPU
		{64001927-DCE2-4A3B-84AA-F1D7D91A2B59}.Release|Any CPU.Build.0 = Release|Any CPU
		{4835BA9B-495D-4F42-9596-08AF5E0E1956}.Debug|Any CPU.ActiveCfg = Debug|Any CPU
		{4835BA9B-495D-4F42-9596-08AF5E0E1956}.Debug|Any CPU.Build.0 = Debug|Any CPU
		{4835BA9B-495D-4F42-9596-08AF5E0E1956}.Release|Any CPU.ActiveCfg = Release|Any CPU
		{4835BA9B-495D-4F42-9596-08AF5E0E1956}.Release|Any CPU.Build.0 = Release|Any CPU
		{1A8B75D1-5180-443A-A3F9-090B3E11C896}.Debug|Any CPU.ActiveCfg = Debug|Any CPU
		{1A8B75D1-5180-443A-A3F9-090B3E11C896}.Debug|Any CPU.Build.0 = Debug|Any CPU
		{1A8B75D1-5180-443A-A3F9-090B3E11C896}.Release|Any CPU.ActiveCfg = Release|Any CPU
		{1A8B75D1-5180-443A-A3F9-090B3E11C896}.Release|Any CPU.Build.0 = Release|Any CPU
		{CE7ACC4E-834B-4E4B-AC44-E5051EA6EAE2}.Debug|Any CPU.ActiveCfg = Debug|Any CPU
		{CE7ACC4E-834B-4E4B-AC44-E5051EA6EAE2}.Debug|Any CPU.Build.0 = Debug|Any CPU
		{CE7ACC4E-834B-4E4B-AC44-E5051EA6EAE2}.Release|Any CPU.ActiveCfg = Release|Any CPU
		{CE7ACC4E-834B-4E4B-AC44-E5051EA6EAE2}.Release|Any CPU.Build.0 = Release|Any CPU
		{74DAAE04-0EC2-4C1A-870E-97F470C32F99}.Debug|Any CPU.ActiveCfg = Debug|Any CPU
		{74DAAE04-0EC2-4C1A-870E-97F470C32F99}.Debug|Any CPU.Build.0 = Debug|Any CPU
		{74DAAE04-0EC2-4C1A-870E-97F470C32F99}.Release|Any CPU.ActiveCfg = Release|Any CPU
		{74DAAE04-0EC2-4C1A-870E-97F470C32F99}.Release|Any CPU.Build.0 = Release|Any CPU
		{86E35775-7A51-4982-AA1E-0AC6052665D3}.Debug|Any CPU.ActiveCfg = Debug|Any CPU
		{86E35775-7A51-4982-AA1E-0AC6052665D3}.Debug|Any CPU.Build.0 = Debug|Any CPU
		{86E35775-7A51-4982-AA1E-0AC6052665D3}.Release|Any CPU.ActiveCfg = Release|Any CPU
		{86E35775-7A51-4982-AA1E-0AC6052665D3}.Release|Any CPU.Build.0 = Release|Any CPU
		{37BA7499-878E-44CB-8733-51DB3B4158E1}.Debug|Any CPU.ActiveCfg = Debug|Any CPU
		{37BA7499-878E-44CB-8733-51DB3B4158E1}.Debug|Any CPU.Build.0 = Debug|Any CPU
		{37BA7499-878E-44CB-8733-51DB3B4158E1}.Release|Any CPU.ActiveCfg = Release|Any CPU
		{37BA7499-878E-44CB-8733-51DB3B4158E1}.Release|Any CPU.Build.0 = Release|Any CPU
		{AFAA0E70-6FC6-47C4-BA03-19EAA0AA2BDB}.Debug|Any CPU.ActiveCfg = Debug|Any CPU
		{AFAA0E70-6FC6-47C4-BA03-19EAA0AA2BDB}.Debug|Any CPU.Build.0 = Debug|Any CPU
		{AFAA0E70-6FC6-47C4-BA03-19EAA0AA2BDB}.Release|Any CPU.ActiveCfg = Release|Any CPU
		{AFAA0E70-6FC6-47C4-BA03-19EAA0AA2BDB}.Release|Any CPU.Build.0 = Release|Any CPU
		{C0B2C109-0A28-4C8A-9E24-7B14A6820E37}.Debug|Any CPU.ActiveCfg = Debug|Any CPU
		{C0B2C109-0A28-4C8A-9E24-7B14A6820E37}.Debug|Any CPU.Build.0 = Debug|Any CPU
		{C0B2C109-0A28-4C8A-9E24-7B14A6820E37}.Release|Any CPU.ActiveCfg = Release|Any CPU
		{C0B2C109-0A28-4C8A-9E24-7B14A6820E37}.Release|Any CPU.Build.0 = Release|Any CPU
		{C2F97698-27CA-4F66-9CAB-DA0FF7B9586F}.Debug|Any CPU.ActiveCfg = Debug|Any CPU
		{C2F97698-27CA-4F66-9CAB-DA0FF7B9586F}.Debug|Any CPU.Build.0 = Debug|Any CPU
		{C2F97698-27CA-4F66-9CAB-DA0FF7B9586F}.Release|Any CPU.ActiveCfg = Release|Any CPU
		{C2F97698-27CA-4F66-9CAB-DA0FF7B9586F}.Release|Any CPU.Build.0 = Release|Any CPU
		{61ED345F-E9EE-4375-9799-6A25C852E811}.Debug|Any CPU.ActiveCfg = Debug|Any CPU
		{61ED345F-E9EE-4375-9799-6A25C852E811}.Debug|Any CPU.Build.0 = Debug|Any CPU
		{61ED345F-E9EE-4375-9799-6A25C852E811}.Release|Any CPU.ActiveCfg = Release|Any CPU
		{61ED345F-E9EE-4375-9799-6A25C852E811}.Release|Any CPU.Build.0 = Release|Any CPU
		{FC314460-0F5E-43AD-BF2C-1950C3A8523B}.Debug|Any CPU.ActiveCfg = Debug|Any CPU
		{FC314460-0F5E-43AD-BF2C-1950C3A8523B}.Debug|Any CPU.Build.0 = Debug|Any CPU
		{FC314460-0F5E-43AD-BF2C-1950C3A8523B}.Release|Any CPU.ActiveCfg = Release|Any CPU
		{FC314460-0F5E-43AD-BF2C-1950C3A8523B}.Release|Any CPU.Build.0 = Release|Any CPU
		{CA2159CE-4BB1-4D5E-BA1E-0781955E6DA8}.Debug|Any CPU.ActiveCfg = Debug|Any CPU
		{CA2159CE-4BB1-4D5E-BA1E-0781955E6DA8}.Debug|Any CPU.Build.0 = Debug|Any CPU
		{CA2159CE-4BB1-4D5E-BA1E-0781955E6DA8}.Release|Any CPU.ActiveCfg = Release|Any CPU
		{CA2159CE-4BB1-4D5E-BA1E-0781955E6DA8}.Release|Any CPU.Build.0 = Release|Any CPU
		{88E1EC6B-5469-47B1-A6CE-EC1401B04969}.Debug|Any CPU.ActiveCfg = Debug|Any CPU
		{88E1EC6B-5469-47B1-A6CE-EC1401B04969}.Debug|Any CPU.Build.0 = Debug|Any CPU
		{88E1EC6B-5469-47B1-A6CE-EC1401B04969}.Release|Any CPU.ActiveCfg = Release|Any CPU
		{88E1EC6B-5469-47B1-A6CE-EC1401B04969}.Release|Any CPU.Build.0 = Release|Any CPU
		{65E2BC00-3A4E-4840-8A88-AD5905BD3BB0}.Debug|Any CPU.ActiveCfg = Debug|Any CPU
		{65E2BC00-3A4E-4840-8A88-AD5905BD3BB0}.Debug|Any CPU.Build.0 = Debug|Any CPU
		{65E2BC00-3A4E-4840-8A88-AD5905BD3BB0}.Release|Any CPU.ActiveCfg = Release|Any CPU
		{65E2BC00-3A4E-4840-8A88-AD5905BD3BB0}.Release|Any CPU.Build.0 = Release|Any CPU
		{67C3F8BB-6E70-4786-B384-ADDE15A9B627}.Debug|Any CPU.ActiveCfg = Debug|Any CPU
		{67C3F8BB-6E70-4786-B384-ADDE15A9B627}.Debug|Any CPU.Build.0 = Debug|Any CPU
		{67C3F8BB-6E70-4786-B384-ADDE15A9B627}.Release|Any CPU.ActiveCfg = Release|Any CPU
		{67C3F8BB-6E70-4786-B384-ADDE15A9B627}.Release|Any CPU.Build.0 = Release|Any CPU
		{9A9C95A9-70B4-47FE-B2DB-A4E5EFC13E56}.Debug|Any CPU.ActiveCfg = Debug|Any CPU
		{9A9C95A9-70B4-47FE-B2DB-A4E5EFC13E56}.Debug|Any CPU.Build.0 = Debug|Any CPU
		{9A9C95A9-70B4-47FE-B2DB-A4E5EFC13E56}.Release|Any CPU.ActiveCfg = Release|Any CPU
		{9A9C95A9-70B4-47FE-B2DB-A4E5EFC13E56}.Release|Any CPU.Build.0 = Release|Any CPU
		{43831A56-B2F3-4D07-A29A-EB6B616C82F5}.Debug|Any CPU.ActiveCfg = Debug|Any CPU
		{43831A56-B2F3-4D07-A29A-EB6B616C82F5}.Debug|Any CPU.Build.0 = Debug|Any CPU
		{43831A56-B2F3-4D07-A29A-EB6B616C82F5}.Release|Any CPU.ActiveCfg = Release|Any CPU
		{43831A56-B2F3-4D07-A29A-EB6B616C82F5}.Release|Any CPU.Build.0 = Release|Any CPU
		{74840B66-14CD-474B-8C45-B380B37EBC39}.Debug|Any CPU.ActiveCfg = Debug|Any CPU
		{74840B66-14CD-474B-8C45-B380B37EBC39}.Debug|Any CPU.Build.0 = Debug|Any CPU
		{74840B66-14CD-474B-8C45-B380B37EBC39}.Release|Any CPU.ActiveCfg = Release|Any CPU
		{74840B66-14CD-474B-8C45-B380B37EBC39}.Release|Any CPU.Build.0 = Release|Any CPU
		{C116D9F3-157D-43A3-96FE-5AB5F503DBE1}.Debug|Any CPU.ActiveCfg = Debug|Any CPU
		{C116D9F3-157D-43A3-96FE-5AB5F503DBE1}.Debug|Any CPU.Build.0 = Debug|Any CPU
		{C116D9F3-157D-43A3-96FE-5AB5F503DBE1}.Release|Any CPU.ActiveCfg = Release|Any CPU
		{C116D9F3-157D-43A3-96FE-5AB5F503DBE1}.Release|Any CPU.Build.0 = Release|Any CPU
	EndGlobalSection
	GlobalSection(SolutionProperties) = preSolution
		HideSolutionNode = FALSE
	EndGlobalSection
	GlobalSection(NestedProjects) = preSolution
		{455A47BD-B99A-4B96-9240-28AF2D6A77E2} = {EEE1F2D2-AFC6-4A21-A13A-0A84F9C5BF53}
		{F7DE1093-D385-4922-87D4-AFDC4DF2B392} = {455A47BD-B99A-4B96-9240-28AF2D6A77E2}
		{A4EEADC3-E2A4-40F7-B4F5-59D2D56D4C82} = {455A47BD-B99A-4B96-9240-28AF2D6A77E2}
		{6675831A-3959-4DE8-A020-82F207AB8E7D} = {455A47BD-B99A-4B96-9240-28AF2D6A77E2}
		{8F261294-9FC2-41A1-9F98-DA6A4CA5CDBA} = {455A47BD-B99A-4B96-9240-28AF2D6A77E2}
		{E8A1924B-B857-4E82-830E-9810A5093EB0} = {455A47BD-B99A-4B96-9240-28AF2D6A77E2}
		{2259F2C2-55AA-49F0-9943-10868D6D14F5} = {455A47BD-B99A-4B96-9240-28AF2D6A77E2}
		{DF924C5E-DB65-4AA5-BE95-4C305F22942C} = {455A47BD-B99A-4B96-9240-28AF2D6A77E2}
		{15098C1E-F07A-4BFD-B1BA-1D68C3DE8C21} = {455A47BD-B99A-4B96-9240-28AF2D6A77E2}
		{B60DFEE4-12EE-43B9-B768-2E84804640CC} = {455A47BD-B99A-4B96-9240-28AF2D6A77E2}
		{945E5BD9-406C-4867-9A39-A491E389B2DC} = {EEE1F2D2-AFC6-4A21-A13A-0A84F9C5BF53}
		{708CFA49-B518-4E43-A559-4407BB2690C9} = {945E5BD9-406C-4867-9A39-A491E389B2DC}
		{355B8F2C-B7FC-4A44-B3A9-279398BB5B82} = {945E5BD9-406C-4867-9A39-A491E389B2DC}
		{9B166A3B-24C1-467C-B767-97F39B96DC64} = {945E5BD9-406C-4867-9A39-A491E389B2DC}
		{C7110D45-6AD9-40EA-B82B-FCE572709D5D} = {945E5BD9-406C-4867-9A39-A491E389B2DC}
		{DAADD5D1-0DD3-48C7-B0B3-BC8D03A6283C} = {945E5BD9-406C-4867-9A39-A491E389B2DC}
		{85CBB667-1043-470D-B975-D1BA9E85B2B6} = {945E5BD9-406C-4867-9A39-A491E389B2DC}
		{1DAB1F62-5607-4B2A-8AF1-432BC811FDEA} = {945E5BD9-406C-4867-9A39-A491E389B2DC}
		{B741576E-6585-4169-886B-94A094F7B793} = {945E5BD9-406C-4867-9A39-A491E389B2DC}
		{E58688D9-798A-457A-91E1-947957EBA8DC} = {EEE1F2D2-AFC6-4A21-A13A-0A84F9C5BF53}
		{B96D003D-9C73-4649-BEDD-B1CCDB23D861} = {E58688D9-798A-457A-91E1-947957EBA8DC}
		{F3F0C00C-DA8D-47D7-8EE3-06EE2A000C71} = {E58688D9-798A-457A-91E1-947957EBA8DC}
		{99966B6F-FC40-4FCB-9A78-52E245A0E405} = {E58688D9-798A-457A-91E1-947957EBA8DC}
		{25C6CAA7-1AD2-46C7-A26B-FA160864E2F9} = {E58688D9-798A-457A-91E1-947957EBA8DC}
		{4F6F048F-D2C9-4C4B-AD35-9991DF739B5E} = {E58688D9-798A-457A-91E1-947957EBA8DC}
		{97A15FE0-E1DB-46F0-AF73-C8A43A0AF8A9} = {E58688D9-798A-457A-91E1-947957EBA8DC}
		{64001927-DCE2-4A3B-84AA-F1D7D91A2B59} = {E58688D9-798A-457A-91E1-947957EBA8DC}
		{4835BA9B-495D-4F42-9596-08AF5E0E1956} = {E58688D9-798A-457A-91E1-947957EBA8DC}
		{1A8B75D1-5180-443A-A3F9-090B3E11C896} = {E58688D9-798A-457A-91E1-947957EBA8DC}
		{CE7ACC4E-834B-4E4B-AC44-E5051EA6EAE2} = {E58688D9-798A-457A-91E1-947957EBA8DC}
		{74DAAE04-0EC2-4C1A-870E-97F470C32F99} = {E58688D9-798A-457A-91E1-947957EBA8DC}
		{86E35775-7A51-4982-AA1E-0AC6052665D3} = {E58688D9-798A-457A-91E1-947957EBA8DC}
		{37BA7499-878E-44CB-8733-51DB3B4158E1} = {E58688D9-798A-457A-91E1-947957EBA8DC}
		{AFAA0E70-6FC6-47C4-BA03-19EAA0AA2BDB} = {E58688D9-798A-457A-91E1-947957EBA8DC}
		{C0B2C109-0A28-4C8A-9E24-7B14A6820E37} = {E58688D9-798A-457A-91E1-947957EBA8DC}
		{C2F97698-27CA-4F66-9CAB-DA0FF7B9586F} = {E58688D9-798A-457A-91E1-947957EBA8DC}
		{868B9CC6-325A-4D29-B181-BC213D23F22E} = {EEE1F2D2-AFC6-4A21-A13A-0A84F9C5BF53}
		{61ED345F-E9EE-4375-9799-6A25C852E811} = {868B9CC6-325A-4D29-B181-BC213D23F22E}
		{FC314460-0F5E-43AD-BF2C-1950C3A8523B} = {868B9CC6-325A-4D29-B181-BC213D23F22E}
		{CA2159CE-4BB1-4D5E-BA1E-0781955E6DA8} = {868B9CC6-325A-4D29-B181-BC213D23F22E}
		{88E1EC6B-5469-47B1-A6CE-EC1401B04969} = {868B9CC6-325A-4D29-B181-BC213D23F22E}
		{65E2BC00-3A4E-4840-8A88-AD5905BD3BB0} = {868B9CC6-325A-4D29-B181-BC213D23F22E}
		{67C3F8BB-6E70-4786-B384-ADDE15A9B627} = {868B9CC6-325A-4D29-B181-BC213D23F22E}
		{9A9C95A9-70B4-47FE-B2DB-A4E5EFC13E56} = {868B9CC6-325A-4D29-B181-BC213D23F22E}
		{43831A56-B2F3-4D07-A29A-EB6B616C82F5} = {868B9CC6-325A-4D29-B181-BC213D23F22E}
		{74840B66-14CD-474B-8C45-B380B37EBC39} = {868B9CC6-325A-4D29-B181-BC213D23F22E}
		{C116D9F3-157D-43A3-96FE-5AB5F503DBE1} = {868B9CC6-325A-4D29-B181-BC213D23F22E}
	EndGlobalSection
	GlobalSection(ExtensibilityGlobals) = postSolution
		SolutionGuid = {893F6D1A-27C9-483D-B654-FF699B40B095}
	EndGlobalSection
EndGlobal
